
Microsoft Visual Studio Solution File, Format Version 12.00
# Visual Studio Version 16
VisualStudioVersion = 16.0.29609.76
MinimumVisualStudioVersion = 10.0.40219.1
Project("{FAE04EC0-301F-11D3-BF4B-00C04F79EFBC}") = "WinHue Core", "WinHue Core\WinHue Core.csproj", "{D1EA9C39-BD35-4212-B4E0-42C8FA7DBD7C}"
EndProject
Project("{FAE04EC0-301F-11D3-BF4B-00C04F79EFBC}") = "WHCoreTest", "WHCoreTest\WHCoreTest.csproj", "{96FA7CF8-0CF6-4138-87AF-1F2B33D1495C}"
EndProject
Global
	GlobalSection(SolutionConfigurationPlatforms) = preSolution
		Debug|Any CPU = Debug|Any CPU
		Release|Any CPU = Release|Any CPU
	EndGlobalSection
	GlobalSection(ProjectConfigurationPlatforms) = postSolution
		{D1EA9C39-BD35-4212-B4E0-42C8FA7DBD7C}.Debug|Any CPU.ActiveCfg = Debug|Any CPU
		{D1EA9C39-BD35-4212-B4E0-42C8FA7DBD7C}.Debug|Any CPU.Build.0 = Debug|Any CPU
		{D1EA9C39-BD35-4212-B4E0-42C8FA7DBD7C}.Release|Any CPU.ActiveCfg = Release|Any CPU
		{D1EA9C39-BD35-4212-B4E0-42C8FA7DBD7C}.Release|Any CPU.Build.0 = Release|Any CPU
		{96FA7CF8-0CF6-4138-87AF-1F2B33D1495C}.Debug|Any CPU.ActiveCfg = Debug|Any CPU
		{96FA7CF8-0CF6-4138-87AF-1F2B33D1495C}.Debug|Any CPU.Build.0 = Debug|Any CPU
		{96FA7CF8-0CF6-4138-87AF-1F2B33D1495C}.Release|Any CPU.ActiveCfg = Release|Any CPU
		{96FA7CF8-0CF6-4138-87AF-1F2B33D1495C}.Release|Any CPU.Build.0 = Release|Any CPU
	EndGlobalSection
	GlobalSection(SolutionProperties) = preSolution
		HideSolutionNode = FALSE
	EndGlobalSection
	GlobalSection(ExtensibilityGlobals) = postSolution
		SolutionGuid = {E801BEAC-EDF5-4720-84A2-49810F11C2C0}
	EndGlobalSection
EndGlobal
